
Microsoft Visual Studio Solution File, Format Version 12.00
# Visual Studio Version 17
VisualStudioVersion = 17.0.31903.59
MinimumVisualStudioVersion = 10.0.40219.1
Project("{FAE04EC0-301F-11D3-BF4B-00C04F79EFBC}") = "Bogaculta", "Bogaculta\Bogaculta.csproj", "{9E859621-65A4-46E5-84CF-CE95DEB628CE}"
EndProject
Global
	GlobalSection(SolutionConfigurationPlatforms) = preSolution
		Debug|Any CPU = Debug|Any CPU
		Release|Any CPU = Release|Any CPU
	EndGlobalSection
	GlobalSection(ProjectConfigurationPlatforms) = postSolution
		{9E859621-65A4-46E5-84CF-CE95DEB628CE}.Debug|Any CPU.ActiveCfg = Debug|Any CPU
		{9E859621-65A4-46E5-84CF-CE95DEB628CE}.Debug|Any CPU.Build.0 = Debug|Any CPU
		{9E859621-65A4-46E5-84CF-CE95DEB628CE}.Release|Any CPU.ActiveCfg = Release|Any CPU
		{9E859621-65A4-46E5-84CF-CE95DEB628CE}.Release|Any CPU.Build.0 = Release|Any CPU
	EndGlobalSection
	GlobalSection(SolutionProperties) = preSolution
		HideSolutionNode = FALSE
	EndGlobalSection
EndGlobal
